
Microsoft Visual Studio Solution File, Format Version 12.00
# Visual Studio Version 17
VisualStudioVersion = 17.6.33723.286
MinimumVisualStudioVersion = 10.0.40219.1
Project("{FAE04EC0-301F-11D3-BF4B-00C04F79EFBC}") = "OpdrachtWeek3_BENT", "OpdrachtWeek3_BENT\OpdrachtWeek3_BENT.csproj", "{F51D16F1-2999-45B3-BBDE-F9DA34F0E3F1}"
EndProject
Global
	GlobalSection(SolutionConfigurationPlatforms) = preSolution
		Debug|Any CPU = Debug|Any CPU
		Release|Any CPU = Release|Any CPU
	EndGlobalSection
	GlobalSection(ProjectConfigurationPlatforms) = postSolution
		{F51D16F1-2999-45B3-BBDE-F9DA34F0E3F1}.Debug|Any CPU.ActiveCfg = Debug|Any CPU
		{F51D16F1-2999-45B3-BBDE-F9DA34F0E3F1}.Debug|Any CPU.Build.0 = Debug|Any CPU
		{F51D16F1-2999-45B3-BBDE-F9DA34F0E3F1}.Release|Any CPU.ActiveCfg = Release|Any CPU
		{F51D16F1-2999-45B3-BBDE-F9DA34F0E3F1}.Release|Any CPU.Build.0 = Release|Any CPU
	EndGlobalSection
	GlobalSection(SolutionProperties) = preSolution
		HideSolutionNode = FALSE
	EndGlobalSection
	GlobalSection(ExtensibilityGlobals) = postSolution
		SolutionGuid = {12D16CC6-EA17-4BF4-AF10-C98420C06C66}
	EndGlobalSection
EndGlobal
